[
  {
    "packageId": "5b14a4d4-ec08-4e5b-be75-c183aec90c40",
    "name": "essay",
    "version": "1.7.0",
    "url": "https://github.com/the-greenman/srs-web/releases/download/packages-essay-1.7.0/essay.srspkg",
    "sha256": "0deb630c8271bc6be2e8484fe40fb12bdfbf618c0ffc742bab4960cb8f3d218d"
  }
]
