[
  {
    "packageId": "5b14a4d4-ec08-4e5b-be75-c183aec90c40",
    "name": "essay",
    "version": "1.5.0",
    "url": "https://github.com/the-greenman/srs-web/releases/download/packages-essay-1.5.0/essay.srspkg",
    "sha256": "117c09c61bc3e3f0060d2a797bad275905f5f7173a268e877b9a43f3052daf31"
  }
]
