[
  {
    "packageId": "5b14a4d4-ec08-4e5b-be75-c183aec90c40",
    "name": "essay",
    "version": "1.6.0",
    "url": "https://github.com/the-greenman/srs-web/releases/download/packages-essay-1.6.0/essay.srspkg",
    "sha256": "236ee9b2930bf33b48ee6f7cf18c74f2fc97d6557c956e8ef70fc0e4a3a2a692"
  }
]
